
Microsoft Visual Studio Solution File, Format Version 12.00
# Visual Studio Version 17
VisualStudioVersion = 17.0.32112.339
MinimumVisualStudioVersion = 10.0.40219.1
Project("{FAE04EC0-301F-11D3-BF4B-00C04F79EFBC}") = "Mapua Programming", "Mapua Programming\Mapua Programming.csproj", "{1ADAC680-5879-466F-BB4F-38E0E7E6FE16}"
EndProject
Project("{FAE04EC0-301F-11D3-BF4B-00C04F79EFBC}") = "DesignPatterns", "DesignPatterns\DesignPatterns.csproj", "{E40114A7-6949-4166-B7E5-ED85D412CD39}"
EndProject
Project("{FAE04EC0-301F-11D3-BF4B-00C04F79EFBC}") = "APIServices", "APIServices\APIServices.csproj", "{2C546D1A-0EFA-4257-86C0-262D2089A97D}"
EndProject
Global
	GlobalSection(SolutionConfigurationPlatforms) = preSolution
		Debug|Any CPU = Debug|Any CPU
		Release|Any CPU = Release|Any CPU
	EndGlobalSection
	GlobalSection(ProjectConfigurationPlatforms) = postSolution
		{1ADAC680-5879-466F-BB4F-38E0E7E6FE16}.Debug|Any CPU.ActiveCfg = Debug|Any CPU
		{1ADAC680-5879-466F-BB4F-38E0E7E6FE16}.Debug|Any CPU.Build.0 = Debug|Any CPU
		{1ADAC680-5879-466F-BB4F-38E0E7E6FE16}.Release|Any CPU.ActiveCfg = Release|Any CPU
		{1ADAC680-5879-466F-BB4F-38E0E7E6FE16}.Release|Any CPU.Build.0 = Release|Any CPU
		{E40114A7-6949-4166-B7E5-ED85D412CD39}.Debug|Any CPU.ActiveCfg = Debug|Any CPU
		{E40114A7-6949-4166-B7E5-ED85D412CD39}.Debug|Any CPU.Build.0 = Debug|Any CPU
		{E40114A7-6949-4166-B7E5-ED85D412CD39}.Release|Any CPU.ActiveCfg = Release|Any CPU
		{E40114A7-6949-4166-B7E5-ED85D412CD39}.Release|Any CPU.Build.0 = Release|Any CPU
		{2C546D1A-0EFA-4257-86C0-262D2089A97D}.Debug|Any CPU.ActiveCfg = Debug|Any CPU
		{2C546D1A-0EFA-4257-86C0-262D2089A97D}.Debug|Any CPU.Build.0 = Debug|Any CPU
		{2C546D1A-0EFA-4257-86C0-262D2089A97D}.Release|Any CPU.ActiveCfg = Release|Any CPU
		{2C546D1A-0EFA-4257-86C0-262D2089A97D}.Release|Any CPU.Build.0 = Release|Any CPU
	EndGlobalSection
	GlobalSection(SolutionProperties) = preSolution
		HideSolutionNode = FALSE
	EndGlobalSection
	GlobalSection(ExtensibilityGlobals) = postSolution
		SolutionGuid = {A1AE3320-CF48-4375-8E71-11905A3CAEBC}
	EndGlobalSection
EndGlobal
